// !$*UTF8*$!
{
	archiveVersion = 1;
	classes = {
	};
	objectVersion = 56;
	objects = {

/* Begin PBXBuildFile section */
		5680793E2AAC397600B2C3A9 /* AppDelegate.swift in Sources */ = {isa = PBXBuildFile; fileRef = 5680793D2AAC397600B2C3A9 /* AppDelegate.swift */; };
		568079402AAC397600B2C3A9 /* SceneDelegate.swift in Sources */ = {isa = PBXBuildFile; fileRef = 5680793F2AAC397600B2C3A9 /* SceneDelegate.swift */; };
		568079422AAC397600B2C3A9 /* HomeViewController.swift in Sources */ = {isa = PBXBuildFile; fileRef = 568079412AAC397600B2C3A9 /* HomeViewController.swift */; };
		568079472AAC397700B2C3A9 /* Assets.xcassets in Resources */ = {isa = PBXBuildFile; fileRef = 568079462AAC397700B2C3A9 /* Assets.xcassets */; };
		5680794A2AAC397700B2C3A9 /* LaunchScreen.storyboard in Resources */ = {isa = PBXBuildFile; fileRef = 568079482AAC397700B2C3A9 /* LaunchScreen.storyboard */; };
		568079522AAC3FF200B2C3A9 /* GameTile.swift in Sources */ = {isa = PBXBuildFile; fileRef = 568079512AAC3FF200B2C3A9 /* GameTile.swift */; };
		568079542AAC4FB000B2C3A9 /* GameDetailsViewController.swift in Sources */ = {isa = PBXBuildFile; fileRef = 568079532AAC4FB000B2C3A9 /* GameDetailsViewController.swift */; };
		568079562AAC689000B2C3A9 /* GameImagesView.swift in Sources */ = {isa = PBXBuildFile; fileRef = 568079552AAC689000B2C3A9 /* GameImagesView.swift */; };
		568079582AACCA5D00B2C3A9 /* AnimateTransition.swift in Sources */ = {isa = PBXBuildFile; fileRef = 568079572AACCA5D00B2C3A9 /* AnimateTransition.swift */; };
		56B01E3D2AAE10D100065719 /* BottomSheetViewController.swift in Sources */ = {isa = PBXBuildFile; fileRef = 56B01E3C2AAE10D100065719 /* BottomSheetViewController.swift */; };
		56B01E432AAE3E0200065719 /* ChooseAvatarView.swift in Sources */ = {isa = PBXBuildFile; fileRef = 56B01E422AAE3E0200065719 /* ChooseAvatarView.swift */; };
		56B01E452AAE3E0F00065719 /* AddMoneyView.swift in Sources */ = {isa = PBXBuildFile; fileRef = 56B01E442AAE3E0F00065719 /* AddMoneyView.swift */; };
		56B01E472AAE3E2500065719 /* ReadyToPlayView.swift in Sources */ = {isa = PBXBuildFile; fileRef = 56B01E462AAE3E2500065719 /* ReadyToPlayView.swift */; };
/* End PBXBuildFile section */

/* Begin PBXFileReference section */
		5680793A2AAC397600B2C3A9 /* GameStore.app */ = {isa = PBXFileReference; explicitFileType = wrapper.application; includeInIndex = 0; path = GameStore.app; sourceTree = BUILT_PRODUCTS_DIR; };
		5680793D2AAC397600B2C3A9 /* AppDelegate.swift */ = {isa = PBXFileReference; lastKnownFileType = sourcecode.swift; path = AppDelegate.swift; sourceTree = "<group>"; };
		5680793F2AAC397600B2C3A9 /* SceneDelegate.swift */ = {isa = PBXFileReference; lastKnownFileType = sourcecode.swift; path = SceneDelegate.swift; sourceTree = "<group>"; };
		568079412AAC397600B2C3A9 /* HomeViewController.swift */ = {isa = PBXFileReference; lastKnownFileType = sourcecode.swift; path = HomeViewController.swift; sourceTree = "<group>"; };
		568079462AAC397700B2C3A9 /* Assets.xcassets */ = {isa = PBXFileReference; lastKnownFileType = folder.assetcatalog; path = Assets.xcassets; sourceTree = "<group>"; };
		568079492AAC397700B2C3A9 /* Base */ = {isa = PBXFileReference; lastKnownFileType = file.storyboard; name = Base; path = Base.lproj/LaunchScreen.storyboard; sourceTree = "<group>"; };
		5680794B2AAC397700B2C3A9 /* Info.plist */ = {isa = PBXFileReference; lastKnownFileType = text.plist.xml; path = Info.plist; sourceTree = "<group>"; };
		568079512AAC3FF200B2C3A9 /* GameTile.swift */ = {isa = PBXFileReference; lastKnownFileType = sourcecode.swift; path = GameTile.swift; sourceTree = "<group>"; };
		568079532AAC4FB000B2C3A9 /* GameDetailsViewController.swift */ = {isa = PBXFileReference; lastKnownFileType = sourcecode.swift; path = GameDetailsViewController.swift; sourceTree = "<group>"; };
		568079552AAC689000B2C3A9 /* GameImagesView.swift */ = {isa = PBXFileReference; lastKnownFileType = sourcecode.swift; path = GameImagesView.swift; sourceTree = "<group>"; };
		568079572AACCA5D00B2C3A9 /* AnimateTransition.swift */ = {isa = PBXFileReference; lastKnownFileType = sourcecode.swift; path = AnimateTransition.swift; sourceTree = "<group>"; };
		56B01E3C2AAE10D100065719 /* BottomSheetViewController.swift */ = {isa = PBXFileReference; lastKnownFileType = sourcecode.swift; path = BottomSheetViewController.swift; sourceTree = "<group>"; };
		56B01E422AAE3E0200065719 /* ChooseAvatarView.swift */ = {isa = PBXFileReference; lastKnownFileType = sourcecode.swift; path = ChooseAvatarView.swift; sourceTree = "<group>"; };
		56B01E442AAE3E0F00065719 /* AddMoneyView.swift */ = {isa = PBXFileReference; lastKnownFileType = sourcecode.swift; path = AddMoneyView.swift; sourceTree = "<group>"; };
		56B01E462AAE3E2500065719 /* ReadyToPlayView.swift */ = {isa = PBXFileReference; lastKnownFileType = sourcecode.swift; path = ReadyToPlayView.swift; sourceTree = "<group>"; };
/* End PBXFileReference section */

/* Begin PBXFrameworksBuildPhase section */
		568079372AAC397600B2C3A9 /* Frameworks */ = {
			isa = PBXFrameworksBuildPhase;
			buildActionMask = 2147483647;
			files = (
			);
			runOnlyForDeploymentPostprocessing = 0;
		};
/* End PBXFrameworksBuildPhase section */

/* Begin PBXGroup section */
		568079312AAC397600B2C3A9 = {
			isa = PBXGroup;
			children = (
				5680793C2AAC397600B2C3A9 /* GameStore */,
				5680793B2AAC397600B2C3A9 /* Products */,
			);
			sourceTree = "<group>";
		};
		5680793B2AAC397600B2C3A9 /* Products */ = {
			isa = PBXGroup;
			children = (
				5680793A2AAC397600B2C3A9 /* GameStore.app */,
			);
			name = Products;
			sourceTree = "<group>";
		};
		5680793C2AAC397600B2C3A9 /* GameStore */ = {
			isa = PBXGroup;
			children = (
				5680793D2AAC397600B2C3A9 /* AppDelegate.swift */,
				5680793F2AAC397600B2C3A9 /* SceneDelegate.swift */,
				568079412AAC397600B2C3A9 /* HomeViewController.swift */,
				568079572AACCA5D00B2C3A9 /* AnimateTransition.swift */,
				568079532AAC4FB000B2C3A9 /* GameDetailsViewController.swift */,
				56B01E3C2AAE10D100065719 /* BottomSheetViewController.swift */,
				56B01E422AAE3E0200065719 /* ChooseAvatarView.swift */,
				56B01E442AAE3E0F00065719 /* AddMoneyView.swift */,
				56B01E462AAE3E2500065719 /* ReadyToPlayView.swift */,
				568079552AAC689000B2C3A9 /* GameImagesView.swift */,
				568079512AAC3FF200B2C3A9 /* GameTile.swift */,
				568079462AAC397700B2C3A9 /* Assets.xcassets */,
				568079482AAC397700B2C3A9 /* LaunchScreen.storyboard */,
				5680794B2AAC397700B2C3A9 /* Info.plist */,
			);
			path = GameStore;
			sourceTree = "<group>";
		};
/* End PBXGroup section */

/* Begin PBXNativeTarget section */
		568079392AAC397600B2C3A9 /* GameStore */ = {
			isa = PBXNativeTarget;
			buildConfigurationList = 5680794E2AAC397700B2C3A9 /* Build configuration list for PBXNativeTarget "GameStore" */;
			buildPhases = (
				568079362AAC397600B2C3A9 /* Sources */,
				568079372AAC397600B2C3A9 /* Frameworks */,
				568079382AAC397600B2C3A9 /* Resources */,
			);
			buildRules = (
			);
			dependencies = (
			);
			name = GameStore;
			productName = GameStore;
			productReference = 5680793A2AAC397600B2C3A9 /* GameStore.app */;
			productType = "com.apple.product-type.application";
		};
/* End PBXNativeTarget section */

/* Begin PBXProject section */
		568079322AAC397600B2C3A9 /* Project object */ = {
			isa = PBXProject;
			attributes = {
				BuildIndependentTargetsInParallel = 1;
				LastSwiftUpdateCheck = 1430;
				LastUpgradeCheck = 1430;
				TargetAttributes = {
					568079392AAC397600B2C3A9 = {
						CreatedOnToolsVersion = 14.3;
					};
				};
			};
			buildConfigurationList = 568079352AAC397600B2C3A9 /* Build configuration list for PBXProject "GameStore" */;
			compatibilityVersion = "Xcode 14.0";
			developmentRegion = en;
			hasScannedForEncodings = 0;
			knownRegions = (
				en,
				Base,
			);
			mainGroup = 568079312AAC397600B2C3A9;
			productRefGroup = 5680793B2AAC397600B2C3A9 /* Products */;
			projectDirPath = "";
			projectRoot = "";
			targets = (
				568079392AAC397600B2C3A9 /* GameStore */,
			);
		};
/* End PBXProject section */

/* Begin PBXResourcesBuildPhase section */
		568079382AAC397600B2C3A9 /* Resources */ = {
			isa = PBXResourcesBuildPhase;
			buildActionMask = 2147483647;
			files = (
				5680794A2AAC397700B2C3A9 /* LaunchScreen.storyboard in Resources */,
				568079472AAC397700B2C3A9 /* Assets.xcassets in Resources */,
			);
			runOnlyForDeploymentPostprocessing = 0;
		};
/* End PBXResourcesBuildPhase section */

/* Begin PBXSourcesBuildPhase section */
		568079362AAC397600B2C3A9 /* Sources */ = {
			isa = PBXSourcesBuildPhase;
			buildActionMask = 2147483647;
			files = (
				568079422AAC397600B2C3A9 /* HomeViewController.swift in Sources */,
				56B01E432AAE3E0200065719 /* ChooseAvatarView.swift in Sources */,
				568079582AACCA5D00B2C3A9 /* AnimateTransition.swift in Sources */,
				568079522AAC3FF200B2C3A9 /* GameTile.swift in Sources */,
				568079542AAC4FB000B2C3A9 /* GameDetailsViewController.swift in Sources */,
				56B01E452AAE3E0F00065719 /* AddMoneyView.swift in Sources */,
				56B01E472AAE3E2500065719 /* ReadyToPlayView.swift in Sources */,
				56B01E3D2AAE10D100065719 /* BottomSheetViewController.swift in Sources */,
				5680793E2AAC397600B2C3A9 /* AppDelegate.swift in Sources */,
				568079562AAC689000B2C3A9 /* GameImagesView.swift in Sources */,
				568079402AAC397600B2C3A9 /* SceneDelegate.swift in Sources */,
			);
			runOnlyForDeploymentPostprocessing = 0;
		};
/* End PBXSourcesBuildPhase section */

/* Begin PBXVariantGroup section */
		568079482AAC397700B2C3A9 /* LaunchScreen.storyboard */ = {
			isa = PBXVariantGroup;
			children = (
				568079492AAC397700B2C3A9 /* Base */,
			);
			name = LaunchScreen.storyboard;
			sourceTree = "<group>";
		};
/* End PBXVariantGroup section */

/* Begin XCBuildConfiguration section */
		5680794C2AAC397700B2C3A9 /* Debug */ = {
			isa = XCBuildConfiguration;
			buildSettings = {
				ALWAYS_SEARCH_USER_PATHS = NO;
				CLANG_ANALYZER_NONNULL = YES;
				CLANG_ANALYZER_NUMBER_OBJECT_CONVERSION = YES_AGGRESSIVE;
				CLANG_CXX_LANGUAGE_STANDARD = "gnu++20";
				CLANG_ENABLE_MODULES = YES;
				CLANG_ENABLE_OBJC_ARC = YES;
				CLANG_ENABLE_OBJC_WEAK = YES;
				CLANG_WARN_BLOCK_CAPTURE_AUTORELEASING = YES;
				CLANG_WARN_BOOL_CONVERSION = YES;
				CLANG_WARN_COMMA = YES;
				CLANG_WARN_CONSTANT_CONVERSION = YES;
				CLANG_WARN_DEPRECATED_OBJC_IMPLEMENTATIONS = YES;
				CLANG_WARN_DIRECT_OBJC_ISA_USAGE = YES_ERROR;
				CLANG_WARN_DOCUMENTATION_COMMENTS = YES;
				CLANG_WARN_EMPTY_BODY = YES;
				CLANG_WARN_ENUM_CONVERSION = YES;
				CLANG_WARN_INFINITE_RECURSION = YES;
				CLANG_WARN_INT_CONVERSION = YES;
				CLANG_WARN_NON_LITERAL_NULL_CONVERSION = YES;
				CLANG_WARN_OBJC_IMPLICIT_RETAIN_SELF = YES;
				CLANG_WARN_OBJC_LITERAL_CONVERSION = YES;
				CLANG_WARN_OBJC_ROOT_CLASS = YES_ERROR;
				CLANG_WARN_QUOTED_INCLUDE_IN_FRAMEWORK_HEADER = YES;
				CLANG_WARN_RANGE_LOOP_ANALYSIS = YES;
				CLANG_WARN_STRICT_PROTOTYPES = YES;
				CLANG_WARN_SUSPICIOUS_MOVE = YES;
				CLANG_WARN_UNGUARDED_AVAILABILITY = YES_AGGRESSIVE;
				CLANG_WARN_UNREACHABLE_CODE = YES;
				CLANG_WARN__DUPLICATE_METHOD_MATCH = YES;
				COPY_PHASE_STRIP = NO;
				DEBUG_INFORMATION_FORMAT = dwarf;
				ENABLE_STRICT_OBJC_MSGSEND = YES;
				ENABLE_TESTABILITY = YES;
				GCC_C_LANGUAGE_STANDARD = gnu11;
				GCC_DYNAMIC_NO_PIC = NO;
				GCC_NO_COMMON_BLOCKS = YES;
				GCC_OPTIMIZATION_LEVEL = 0;
				GCC_PREPROCESSOR_DEFINITIONS = (
					"DEBUG=1",
					"$(inherited)",
				);
				GCC_WARN_64_TO_32_BIT_CONVERSION = YES;
				GCC_WARN_ABOUT_RETURN_TYPE = YES_ERROR;
				GCC_WARN_UNDECLARED_SELECTOR = YES;
				GCC_WARN_UNINITIALIZED_AUTOS = YES_AGGRESSIVE;
				GCC_WARN_UNUSED_FUNCTION = YES;
				GCC_WARN_UNUSED_VARIABLE = YES;
				IPHONEOS_DEPLOYMENT_TARGET = 16.4;
				MTL_ENABLE_DEBUG_INFO = INCLUDE_SOURCE;
				MTL_FAST_MATH = YES;
				ONLY_ACTIVE_ARCH = YES;
				SDKROOT = iphoneos;
				SWIFT_ACTIVE_COMPILATION_CONDITIONS = DEBUG;
				SWIFT_OPTIMIZATION_LEVEL = "-Onone";
			};
			name = Debug;
		};
		5680794D2AAC397700B2C3A9 /* Release */ = {
			isa = XCBuildConfiguration;
			buildSettings = {
				ALWAYS_SEARCH_USER_PATHS = NO;
				CLANG_ANALYZER_NONNULL = YES;
				CLANG_ANALYZER_NUMBER_OBJECT_CONVERSION = YES_AGGRESSIVE;
				CLANG_CXX_LANGUAGE_STANDARD = "gnu++20";
				CLANG_ENABLE_MODULES = YES;
				CLANG_ENABLE_OBJC_ARC = YES;
				CLANG_ENABLE_OBJC_WEAK = YES;
				CLANG_WARN_BLOCK_CAPTURE_AUTORELEASING = YES;
				CLANG_WARN_BOOL_CONVERSION = YES;
				CLANG_WARN_COMMA = YES;
				CLANG_WARN_CONSTANT_CONVERSION = YES;
				CLANG_WARN_DEPRECATED_OBJC_IMPLEMENTATIONS = YES;
				CLANG_WARN_DIRECT_OBJC_ISA_USAGE = YES_ERROR;
				CLANG_WARN_DOCUMENTATION_COMMENTS = YES;
				CLANG_WARN_EMPTY_BODY = YES;
				CLANG_WARN_ENUM_CONVERSION = YES;
				CLANG_WARN_INFINITE_RECURSION = YES;
				CLANG_WARN_INT_CONVERSION = YES;
				CLANG_WARN_NON_LITERAL_NULL_CONVERSION = YES;
				CLANG_WARN_OBJC_IMPLICIT_RETAIN_SELF = YES;
				CLANG_WARN_OBJC_LITERAL_CONVERSION = YES;
				CLANG_WARN_OBJC_ROOT_CLASS = YES_ERROR;
				CLANG_WARN_QUOTED_INCLUDE_IN_FRAMEWORK_HEADER = YES;
				CLANG_WARN_RANGE_LOOP_ANALYSIS = YES;
				CLANG_WARN_STRICT_PROTOTYPES = YES;
				CLANG_WARN_SUSPICIOUS_MOVE = YES;
				CLANG_WARN_UNGUARDED_AVAILABILITY = YES_AGGRESSIVE;
				CLANG_WARN_UNREACHABLE_CODE = YES;
				CLANG_WARN__DUPLICATE_METHOD_MATCH = YES;
				COPY_PHASE_STRIP = NO;
				DEBUG_INFORMATION_FORMAT = "dwarf-with-dsym";
				ENABLE_NS_ASSERTIONS = NO;
				ENABLE_STRICT_OBJC_MSGSEND = YES;
				GCC_C_LANGUAGE_STANDARD = gnu11;
				GCC_NO_COMMON_BLOCKS = YES;
				GCC_WARN_64_TO_32_BIT_CONVERSION = YES;
				GCC_WARN_ABOUT_RETURN_TYPE = YES_ERROR;
				GCC_WARN_UNDECLARED_SELECTOR = YES;
				GCC_WARN_UNINITIALIZED_AUTOS = YES_AGGRESSIVE;
				GCC_WARN_UNUSED_FUNCTION = YES;
				GCC_WARN_UNUSED_VARIABLE = YES;
				IPHONEOS_DEPLOYMENT_TARGET = 16.4;
				MTL_ENABLE_DEBUG_INFO = NO;
				MTL_FAST_MATH = YES;
				SDKROOT = iphoneos;
				SWIFT_COMPILATION_MODE = wholemodule;
				SWIFT_OPTIMIZATION_LEVEL = "-O";
				VALIDATE_PRODUCT = YES;
			};
			name = Release;
		};
		5680794F2AAC397700B2C3A9 /* Debug */ = {
			isa = XCBuildConfiguration;
			buildSettings = {
				ASSETCATALOG_COMPILER_APPICON_NAME = AppIcon;
				ASSETCATALOG_COMPILER_GLOBAL_ACCENT_COLOR_NAME = AccentColor;
				CODE_SIGN_STYLE = Automatic;
				CURRENT_PROJECT_VERSION = 1;
				GENERATE_INFOPLIST_FILE = YES;
				INFOPLIST_FILE = GameStore/Info.plist;
				INFOPLIST_KEY_UIApplicationSupportsIndirectInputEvents = YES;
				INFOPLIST_KEY_UILaunchStoryboardName = LaunchScreen;
				INFOPLIST_KEY_UIMainStoryboardFile = "";
				INFOPLIST_KEY_UISupportedInterfaceOrientations_iPad = "UIInterfaceOrientationPortrait UIInterfaceOrientationPortraitUpsideDown UIInterfaceOrientationLandscapeLeft UIInterfaceOrientationLandscapeRight";
				INFOPLIST_KEY_UISupportedInterfaceOrientations_iPhone = "UIInterfaceOrientationPortrait UIInterfaceOrientationLandscapeLeft UIInterfaceOrientationLandscapeRight";
				LD_RUNPATH_SEARCH_PATHS = (
					"$(inherited)",
					"@executable_path/Frameworks",
				);
				MARKETING_VERSION = 1.0;
				PRODUCT_BUNDLE_IDENTIFIER = personal.com.GameStore;
				PRODUCT_NAME = "$(TARGET_NAME)";
				SWIFT_EMIT_LOC_STRINGS = YES;
				SWIFT_VERSION = 5.0;
				TARGETED_DEVICE_FAMILY = "1,2";
			};
			name = Debug;
		};
		568079502AAC397700B2C3A9 /* Release */ = {
			isa = XCBuildConfiguration;
			buildSettings = {
				ASSETCATALOG_COMPILER_APPICON_NAME = AppIcon;
				ASSETCATALOG_COMPILER_GLOBAL_ACCENT_COLOR_NAME = AccentColor;
				CODE_SIGN_STYLE = Automatic;
				CURRENT_PROJECT_VERSION = 1;
				GENERATE_INFOPLIST_FILE = YES;
				INFOPLIST_FILE = GameStore/Info.plist;
				INFOPLIST_KEY_UIApplicationSupportsIndirectInputEvents = YES;
				INFOPLIST_KEY_UILaunchStoryboardName = LaunchScreen;
				INFOPLIST_KEY_UIMainStoryboardFile = "";
				INFOPLIST_KEY_UISupportedInterfaceOrientations_iPad = "UIInterfaceOrientationPortrait UIInterfaceOrientationPortraitUpsideDown UIInterfaceOrientationLandscapeLeft UIInterfaceOrientationLandscapeRight";
				INFOPLIST_KEY_UISupportedInterfaceOrientations_iPhone = "UIInterfaceOrientationPortrait UIInterfaceOrientationLandscapeLeft UIInterfaceOrientationLandscapeRight";
				LD_RUNPATH_SEARCH_PATHS = (
					"$(inherited)",
					"@executable_path/Frameworks",
				);
				MARKETING_VERSION = 1.0;
				PRODUCT_BUNDLE_IDENTIFIER = personal.com.GameStore;
				PRODUCT_NAME = "$(TARGET_NAME)";
				SWIFT_EMIT_LOC_STRINGS = YES;
				SWIFT_VERSION = 5.0;
				TARGETED_DEVICE_FAMILY = "1,2";
			};
			name = Release;
		};
/* End XCBuildConfiguration section */

/* Begin XCConfigurationList section */
		568079352AAC397600B2C3A9 /* Build configuration list for PBXProject "GameStore" */ = {
			isa = XCConfigurationList;
			buildConfigurations = (
				5680794C2AAC397700B2C3A9 /* Debug */,
				5680794D2AAC397700B2C3A9 /* Release */,
			);
			defaultConfigurationIsVisible = 0;
			defaultConfigurationName = Release;
		};
		5680794E2AAC397700B2C3A9 /* Build configuration list for PBXNativeTarget "GameStore" */ = {
			isa = XCConfigurationList;
			buildConfigurations = (
				5680794F2AAC397700B2C3A9 /* Debug */,
				568079502AAC397700B2C3A9 /* Release */,
			);
			defaultConfigurationIsVisible = 0;
			defaultConfigurationName = Release;
		};
/* End XCConfigurationList section */
	};
	rootObject = 568079322AAC397600B2C3A9 /* Project object */;
}
